
Microsoft Visual Studio Solution File, Format Version 12.00
# Visual Studio 15
VisualStudioVersion = 15.0.27428.2043
MinimumVisualStudioVersion = 10.0.40219.1
Project("{9A19103F-16F7-4668-BE54-9A1E7A4F7556}") = "SentimentFunction", "SentimentFunction.csproj", "{033B97B9-E9B3-42AB-A015-96CEBC6B6A5F}"
EndProject
Global
	GlobalSection(SolutionConfigurationPlatforms) = preSolution
		Debug|Any CPU = Debug|Any CPU
		Release|Any CPU = Release|Any CPU
	EndGlobalSection
	GlobalSection(ProjectConfigurationPlatforms) = postSolution
		{033B97B9-E9B3-42AB-A015-96CEBC6B6A5F}.Debug|Any CPU.ActiveCfg = Debug|Any CPU
		{033B97B9-E9B3-42AB-A015-96CEBC6B6A5F}.Debug|Any CPU.Build.0 = Debug|Any CPU
		{033B97B9-E9B3-42AB-A015-96CEBC6B6A5F}.Release|Any CPU.ActiveCfg = Release|Any CPU
		{033B97B9-E9B3-42AB-A015-96CEBC6B6A5F}.Release|Any CPU.Build.0 = Release|Any CPU
	EndGlobalSection
	GlobalSection(SolutionProperties) = preSolution
		HideSolutionNode = FALSE
	EndGlobalSection
	GlobalSection(ExtensibilityGlobals) = postSolution
		SolutionGuid = {DF5B922C-2ADF-4A6A-9E7E-8FA73A22F6DD}
	EndGlobalSection
EndGlobal
